
Microsoft Visual Studio Solution File, Format Version 12.00
# Visual Studio Version 16
VisualStudioVersion = 16.0.29411.108
MinimumVisualStudioVersion = 10.0.40219.1
Project("{9A19103F-16F7-4668-BE54-9A1E7A4F7556}") = "PS-2Test", "PS-2Test.csproj", "{951DEC85-FEAE-4D5D-BCE6-346B7A131600}"
EndProject
Global
	GlobalSection(SolutionConfigurationPlatforms) = preSolution
		Debug|Any CPU = Debug|Any CPU
		Release|Any CPU = Release|Any CPU
	EndGlobalSection
	GlobalSection(ProjectConfigurationPlatforms) = postSolution
		{951DEC85-FEAE-4D5D-BCE6-346B7A131600}.Debug|Any CPU.ActiveCfg = Debug|Any CPU
		{951DEC85-FEAE-4D5D-BCE6-346B7A131600}.Debug|Any CPU.Build.0 = Debug|Any CPU
		{951DEC85-FEAE-4D5D-BCE6-346B7A131600}.Release|Any CPU.ActiveCfg = Release|Any CPU
		{951DEC85-FEAE-4D5D-BCE6-346B7A131600}.Release|Any CPU.Build.0 = Release|Any CPU
	EndGlobalSection
	GlobalSection(SolutionProperties) = preSolution
		HideSolutionNode = FALSE
	EndGlobalSection
	GlobalSection(ExtensibilityGlobals) = postSolution
		SolutionGuid = {D992A36F-6CA0-4605-861F-E09ED7EE9470}
	EndGlobalSection
EndGlobal
